
Microsoft Visual Studio Solution File, Format Version 12.00
# Visual Studio Version 16
VisualStudioVersion = 16.0.31911.196
MinimumVisualStudioVersion = 10.0.40219.1
Project("{FAE04EC0-301F-11D3-BF4B-00C04F79EFBC}") = "seabatleform", "seabatleform\seabatleform.csproj", "{727A00D2-5144-454E-884D-5FAFB57F8C3C}"
EndProject
Global
	GlobalSection(SolutionConfigurationPlatforms) = preSolution
		Debug|Any CPU = Debug|Any CPU
		Release|Any CPU = Release|Any CPU
	EndGlobalSection
	GlobalSection(ProjectConfigurationPlatforms) = postSolution
		{727A00D2-5144-454E-884D-5FAFB57F8C3C}.Debug|Any CPU.ActiveCfg = Debug|Any CPU
		{727A00D2-5144-454E-884D-5FAFB57F8C3C}.Debug|Any CPU.Build.0 = Debug|Any CPU
		{727A00D2-5144-454E-884D-5FAFB57F8C3C}.Release|Any CPU.ActiveCfg = Release|Any CPU
		{727A00D2-5144-454E-884D-5FAFB57F8C3C}.Release|Any CPU.Build.0 = Release|Any CPU
	EndGlobalSection
	GlobalSection(SolutionProperties) = preSolution
		HideSolutionNode = FALSE
	EndGlobalSection
	GlobalSection(ExtensibilityGlobals) = postSolution
		SolutionGuid = {5D6C857A-D06B-4394-9D06-D7DAFF100971}
	EndGlobalSection
EndGlobal
